
Microsoft Visual Studio Solution File, Format Version 12.00
# Visual Studio 2013
VisualStudioVersion = 12.0.31101.0
MinimumVisualStudioVersion = 10.0.40219.1
Project("{FAE04EC0-301F-11D3-BF4B-00C04F79EFBC}") = "Pomodoro", "Pomodoro\Pomodoro.csproj", "{50C0B394-5630-4C71-A132-3B3ABDD19480}"
EndProject
Project("{FAE04EC0-301F-11D3-BF4B-00C04F79EFBC}") = "PomodoroDAL", "PomodoroDAL\PomodoroDAL.csproj", "{B505B779-7DC8-4BAF-BC4C-8C95C1042A82}"
EndProject
Project("{FAE04EC0-301F-11D3-BF4B-00C04F79EFBC}") = "PomodoroDALSchema", "PomodoroDALSchema\PomodoroDALSchema.csproj", "{7AF3A334-9494-4580-B45E-03431ECA5644}"
EndProject
Project("{FAE04EC0-301F-11D3-BF4B-00C04F79EFBC}") = "PomodoroUnitTest", "PomodoroUnitTest\PomodoroUnitTest.csproj", "{DC85EF25-B583-4129-B903-9847624891FA}"
EndProject
Project("{FAE04EC0-301F-11D3-BF4B-00C04F79EFBC}") = "PomodoroService", "PomodoroService\PomodoroService.csproj", "{6A0FF7CF-EB31-48A1-9B45-AC434A09F454}"
EndProject
Project("{FAE04EC0-301F-11D3-BF4B-00C04F79EFBC}") = "PomodoroGUI", "PomodoroGUI\PomodoroGUI.csproj", "{8CF77EB6-3593-4010-B4A5-8E33B144B2A4}"
EndProject
Global
	GlobalSection(SolutionConfigurationPlatforms) = preSolution
		Debug|Any CPU = Debug|Any CPU
		Debug|Mixed Platforms = Debug|Mixed Platforms
		Debug|x86 = Debug|x86
		Release|Any CPU = Release|Any CPU
		Release|Mixed Platforms = Release|Mixed Platforms
		Release|x86 = Release|x86
	EndGlobalSection
	GlobalSection(ProjectConfigurationPlatforms) = postSolution
		{50C0B394-5630-4C71-A132-3B3ABDD19480}.Debug|Any CPU.ActiveCfg = Debug|Any CPU
		{50C0B394-5630-4C71-A132-3B3ABDD19480}.Debug|Any CPU.Build.0 = Debug|Any CPU
		{50C0B394-5630-4C71-A132-3B3ABDD19480}.Debug|Mixed Platforms.ActiveCfg = Debug|Any CPU
		{50C0B394-5630-4C71-A132-3B3ABDD19480}.Debug|Mixed Platforms.Build.0 = Debug|Any CPU
		{50C0B394-5630-4C71-A132-3B3ABDD19480}.Debug|x86.ActiveCfg = Debug|Any CPU
		{50C0B394-5630-4C71-A132-3B3ABDD19480}.Release|Any CPU.ActiveCfg = Release|Any CPU
		{50C0B394-5630-4C71-A132-3B3ABDD19480}.Release|Any CPU.Build.0 = Release|Any CPU
		{50C0B394-5630-4C71-A132-3B3ABDD19480}.Release|Mixed Platforms.ActiveCfg = Release|Any CPU
		{50C0B394-5630-4C71-A132-3B3ABDD19480}.Release|Mixed Platforms.Build.0 = Release|Any CPU
		{50C0B394-5630-4C71-A132-3B3ABDD19480}.Release|x86.ActiveCfg = Release|Any CPU
		{B505B779-7DC8-4BAF-BC4C-8C95C1042A82}.Debug|Any CPU.ActiveCfg = Debug|Any CPU
		{B505B779-7DC8-4BAF-BC4C-8C95C1042A82}.Debug|Any CPU.Build.0 = Debug|Any CPU
		{B505B779-7DC8-4BAF-BC4C-8C95C1042A82}.Debug|Mixed Platforms.ActiveCfg = Debug|Any CPU
		{B505B779-7DC8-4BAF-BC4C-8C95C1042A82}.Debug|Mixed Platforms.Build.0 = Debug|Any CPU
		{B505B779-7DC8-4BAF-BC4C-8C95C1042A82}.Debug|x86.ActiveCfg = Debug|Any CPU
		{B505B779-7DC8-4BAF-BC4C-8C95C1042A82}.Release|Any CPU.ActiveCfg = Release|Any CPU
		{B505B779-7DC8-4BAF-BC4C-8C95C1042A82}.Release|Any CPU.Build.0 = Release|Any CPU
		{B505B779-7DC8-4BAF-BC4C-8C95C1042A82}.Release|Mixed Platforms.ActiveCfg = Release|Any CPU
		{B505B779-7DC8-4BAF-BC4C-8C95C1042A82}.Release|Mixed Platforms.Build.0 = Release|Any CPU
		{B505B779-7DC8-4BAF-BC4C-8C95C1042A82}.Release|x86.ActiveCfg = Release|Any CPU
		{7AF3A334-9494-4580-B45E-03431ECA5644}.Debug|Any CPU.ActiveCfg = Debug|Any CPU
		{7AF3A334-9494-4580-B45E-03431ECA5644}.Debug|Any CPU.Build.0 = Debug|Any CPU
		{7AF3A334-9494-4580-B45E-03431ECA5644}.Debug|Mixed Platforms.ActiveCfg = Debug|Any CPU
		{7AF3A334-9494-4580-B45E-03431ECA5644}.Debug|Mixed Platforms.Build.0 = Debug|Any CPU
		{7AF3A334-9494-4580-B45E-03431ECA5644}.Debug|x86.ActiveCfg = Debug|Any CPU
		{7AF3A334-9494-4580-B45E-03431ECA5644}.Release|Any CPU.ActiveCfg = Release|Any CPU
		{7AF3A334-9494-4580-B45E-03431ECA5644}.Release|Any CPU.Build.0 = Release|Any CPU
		{7AF3A334-9494-4580-B45E-03431ECA5644}.Release|Mixed Platforms.ActiveCfg = Release|Any CPU
		{7AF3A334-9494-4580-B45E-03431ECA5644}.Release|Mixed Platforms.Build.0 = Release|Any CPU
		{7AF3A334-9494-4580-B45E-03431ECA5644}.Release|x86.ActiveCfg = Release|Any CPU
		{DC85EF25-B583-4129-B903-9847624891FA}.Debug|Any CPU.ActiveCfg = Debug|Any CPU
		{DC85EF25-B583-4129-B903-9847624891FA}.Debug|Any CPU.Build.0 = Debug|Any CPU
		{DC85EF25-B583-4129-B903-9847624891FA}.Debug|Mixed Platforms.ActiveCfg = Debug|Any CPU
		{DC85EF25-B583-4129-B903-9847624891FA}.Debug|Mixed Platforms.Build.0 = Debug|Any CPU
		{DC85EF25-B583-4129-B903-9847624891FA}.Debug|x86.ActiveCfg = Debug|Any CPU
		{DC85EF25-B583-4129-B903-9847624891FA}.Release|Any CPU.ActiveCfg = Release|Any CPU
		{DC85EF25-B583-4129-B903-9847624891FA}.Release|Any CPU.Build.0 = Release|Any CPU
		{DC85EF25-B583-4129-B903-9847624891FA}.Release|Mixed Platforms.ActiveCfg = Release|Any CPU
		{DC85EF25-B583-4129-B903-9847624891FA}.Release|Mixed Platforms.Build.0 = Release|Any CPU
		{DC85EF25-B583-4129-B903-9847624891FA}.Release|x86.ActiveCfg = Release|Any CPU
		{6A0FF7CF-EB31-48A1-9B45-AC434A09F454}.Debug|Any CPU.ActiveCfg = Debug|Any CPU
		{6A0FF7CF-EB31-48A1-9B45-AC434A09F454}.Debug|Any CPU.Build.0 = Debug|Any CPU
		{6A0FF7CF-EB31-48A1-9B45-AC434A09F454}.Debug|Mixed Platforms.ActiveCfg = Debug|Any CPU
		{6A0FF7CF-EB31-48A1-9B45-AC434A09F454}.Debug|Mixed Platforms.Build.0 = Debug|Any CPU
		{6A0FF7CF-EB31-48A1-9B45-AC434A09F454}.Debug|x86.ActiveCfg = Debug|Any CPU
		{6A0FF7CF-EB31-48A1-9B45-AC434A09F454}.Release|Any CPU.ActiveCfg = Release|Any CPU
		{6A0FF7CF-EB31-48A1-9B45-AC434A09F454}.Release|Any CPU.Build.0 = Release|Any CPU
		{6A0FF7CF-EB31-48A1-9B45-AC434A09F454}.Release|Mixed Platforms.ActiveCfg = Release|Any CPU
		{6A0FF7CF-EB31-48A1-9B45-AC434A09F454}.Release|Mixed Platforms.Build.0 = Release|Any CPU
		{6A0FF7CF-EB31-48A1-9B45-AC434A09F454}.Release|x86.ActiveCfg = Release|Any CPU
		{8CF77EB6-3593-4010-B4A5-8E33B144B2A4}.Debug|Any CPU.ActiveCfg = Debug|x86
		{8CF77EB6-3593-4010-B4A5-8E33B144B2A4}.Debug|Mixed Platforms.ActiveCfg = Debug|x86
		{8CF77EB6-3593-4010-B4A5-8E33B144B2A4}.Debug|Mixed Platforms.Build.0 = Debug|x86
		{8CF77EB6-3593-4010-B4A5-8E33B144B2A4}.Debug|x86.ActiveCfg = Debug|x86
		{8CF77EB6-3593-4010-B4A5-8E33B144B2A4}.Debug|x86.Build.0 = Debug|x86
		{8CF77EB6-3593-4010-B4A5-8E33B144B2A4}.Release|Any CPU.ActiveCfg = Release|x86
		{8CF77EB6-3593-4010-B4A5-8E33B144B2A4}.Release|Mixed Platforms.ActiveCfg = Release|x86
		{8CF77EB6-3593-4010-B4A5-8E33B144B2A4}.Release|Mixed Platforms.Build.0 = Release|x86
		{8CF77EB6-3593-4010-B4A5-8E33B144B2A4}.Release|x86.ActiveCfg = Release|x86
		{8CF77EB6-3593-4010-B4A5-8E33B144B2A4}.Release|x86.Build.0 = Release|x86
	EndGlobalSection
	GlobalSection(SolutionProperties) = preSolution
		HideSolutionNode = FALSE
	EndGlobalSection
EndGlobal
